# This file is automatically @generated by Poetry 1.6.1 and should not be changed by hand.

[[package]]
name = "avro"
version = "1.11.3"
description = "Avro is a serialization and RPC framework."
optional = false
python-versions = ">=3.6"
files = [
    {file = "avro-1.11.3.tar.gz", hash = "sha256:3393bb5139f9cf0791d205756ce1e39a5b58586af5b153d6a3b5a199610e9d17"},
]

[package.extras]
snappy = ["python-snappy"]
zstandard = ["zstandard"]

[[package]]
name = "bump2version"
version = "1.0.1"
description = "Version-bump your software with a single command!"
optional = false
python-versions = ">=3.5"
files = [
    {file = "bump2version-1.0.1-py2.py3-none-any.whl", hash = "sha256:37f927ea17cde7ae2d7baf832f8e80ce3777624554a653006c9144f8017fe410"},
    {file = "bump2version-1.0.1.tar.gz", hash = "sha256:762cb2bfad61f4ec8e2bdf452c7c267416f8c70dd9ecb1653fd0bbb01fa936e6"},
]

[[package]]
name = "dominate"
version = "2.8.0"
description = "Dominate is a Python library for creating and manipulating HTML documents using an elegant DOM API."
optional = false
python-versions = ">=2.7, !=3.0.*, !=3.1.*, !=3.2.*, !=3.3.*"
files = [
    {file = "dominate-2.8.0-py2.py3-none-any.whl", hash = "sha256:1a916479c45b95fedba0d077b081d77c2d2e0f0f484ac827105087af23661d73"},
    {file = "dominate-2.8.0.tar.gz", hash = "sha256:4c90c3befaf88e612b71f4b39af7bcbef8977acfa855cec957225a8fbf504007"},
]

[[package]]
name = "mistune"
version = "3.0.1"
description = "A sane and fast Markdown parser with useful plugins and renderers"
optional = false
python-versions = ">=3.7"
files = [
    {file = "mistune-3.0.1-py3-none-any.whl", hash = "sha256:b9b3e438efbb57c62b5beb5e134dab664800bdf1284a7ee09e8b12b13eb1aac6"},
    {file = "mistune-3.0.1.tar.gz", hash = "sha256:e912116c13aa0944f9dc530db38eb88f6a77087ab128f49f84a48f4c05ea163c"},
]

[[package]]
name = "pygraphviz"
version = "1.11"
description = "Python interface to Graphviz"
optional = false
python-versions = ">=3.8"
files = [
    {file = "pygraphviz-1.11.zip", hash = "sha256:a97eb5ced266f45053ebb1f2c6c6d29091690503e3a5c14be7f908b37b06f2d4"},
]

[metadata]
lock-version = "2.0"
python-versions = "^3.10"
content-hash = "943c23fc8b4556248b6ff7e9dfdaf56803fbeb5d8026f9bbc1901bb486c3dedd"
